{
  "version": 4,
  "terraform_version": "1.7.5",
  "serial": 893,
  "lineage": "175c613a-1e1d-689e-3fcb-20e4101ca719",
  "outputs": {},
  "resources": [
    {
      "mode": "managed",
      "type": "azurerm_resource_group",
      "name": "ironclad_rg",
      "provider": "provider[\"registry.terraform.io/hashicorp/azurerm\"]",
      "instances": [
        {
          "schema_version": 0,
          "attributes": {
            "id": "/subscriptions/6d90e48b-f6bb-4fad-a6a4-e717da47b0bd/resourceGroups/ironclad_rg",
            "location": "eastus",
            "managed_by": "",
            "name": "ironclad_rg",
            "tags": {},
            "timeouts": null
          },
          "sensitive_attributes": [],
          "private": "eyJlMmJmYjczMC1lY2FhLTExZTYtOGY4OC0zNDM2M2JjN2M0YzAiOnsiY3JlYXRlIjo1NDAwMDAwMDAwMDAwLCJkZWxldGUiOjU0MDAwMDAwMDAwMDAsInJlYWQiOjMwMDAwMDAwMDAwMCwidXBkYXRlIjo1NDAwMDAwMDAwMDAwfX0="
        }
      ]
    },
    {
      "module": "module.monitoring-vm",
      "mode": "managed",
      "type": "azurerm_linux_virtual_machine",
      "name": "vm",
      "provider": "provider[\"registry.terraform.io/hashicorp/azurerm\"]",
      "instances": [
        {
          "schema_version": 0,
          "attributes": {
            "additional_capabilities": [],
            "admin_password": null,
            "admin_ssh_key": [
              {
                "public_key": "ssh-rsa AAAAB3NzaC1yc2EAAAADAQABAAACAQDaCEtP7iUJB23L6+Bc2kT8xk9LTD48AZHM/3EvWmZvQClUaOEXyDmgYZ5R5IJqwn0bsWf3osbCoxP90d+kI0o2mlfKWPCo1woY+nmC6nJFAkpNPXqL6JOGmuFOaMo+PzoiBqR9TSuLZxT0r7tRucKALGUQfZXJXrGWSwKSlCzK5ZkeNL9PsK0wepDnZtYZ6SP5GciU2dhXInN3hxVQ2myBU7XwFM1/tpGtlUYlcH0mmthWtsVHlgcJY0EaIvjjLf6v5dCKfcrsogt9qYgyXgVw7l6maZqoeoxeoLBHGblDaQOYMdQ7NbBH+hJyxP6qwHGfYTGqT4cOy1kknArqsHwLkTvcW5DezkTUcPLqpXoV6UEVn4AvCVWTh5dhRZRnEMf9ICp8Hmhc8nnkHnV6UGL7lYA/UYoFAb0pAjMASeyjW7YDSSHkPiJe4N4a2PY2RYvDbPHvaFKRKqw0Zy2f9WifFw+ASyzxPVyAPi7BUCTfU4KtxFzDJ15hi50/I0bm2FyJAmXNkD8KVvHYL+V3RbbvfzZH+PMYs9VKNfqTEoDfqstJY+M/WpkHyDprkVTD+z6MzvTr+cJ7c/gL+DUDYP2kj52PQcidSEUNDM5hOrgMiVXlFgGiX4TEmCrl6bQXIi+yFeib8NLqcKGNmZFDEQw3XGYEYZ3V+MPtmV8s2hlTAw== tprab@Heisenberg\n",
                "username": "monitoringadmin"
              }
            ],
            "admin_username": "monitoringadmin",
            "allow_extension_operations": true,
            "availability_set_id": "",
            "boot_diagnostics": [],
            "bypass_platform_safety_checks_on_user_schedule_enabled": false,
            "capacity_reservation_group_id": "",
            "computer_name": "monitoring-vm",
            "custom_data": null,
            "dedicated_host_group_id": "",
            "dedicated_host_id": "",
            "disable_password_authentication": true,
            "disk_controller_type": "",
            "edge_zone": "",
            "encryption_at_host_enabled": false,
            "eviction_policy": "",
            "extensions_time_budget": "PT1H30M",
            "gallery_application": [],
            "id": "/subscriptions/6d90e48b-f6bb-4fad-a6a4-e717da47b0bd/resourceGroups/ironclad_rg/providers/Microsoft.Compute/virtualMachines/monitoring-vm",
            "identity": [],
            "license_type": "",
            "location": "eastus",
            "max_bid_price": -1,
            "name": "monitoring-vm",
            "network_interface_ids": [
              "/subscriptions/6d90e48b-f6bb-4fad-a6a4-e717da47b0bd/resourceGroups/ironclad_rg/providers/Microsoft.Network/networkInterfaces/monitoring-vm-nic"
            ],
            "os_disk": [
              {
                "caching": "ReadWrite",
                "diff_disk_settings": [],
                "disk_encryption_set_id": "",
                "disk_size_gb": 30,
                "name": "monitoring-vm-osdisk",
                "secure_vm_disk_encryption_set_id": "",
                "security_encryption_type": "",
                "storage_account_type": "Standard_LRS",
                "write_accelerator_enabled": false
              }
            ],
            "os_image_notification": [],
            "patch_assessment_mode": "ImageDefault",
            "patch_mode": "ImageDefault",
            "plan": [],
            "platform_fault_domain": -1,
            "priority": "Regular",
            "private_ip_address": "10.0.1.6",
            "private_ip_addresses": [
              "10.0.1.6"
            ],
            "provision_vm_agent": true,
            "proximity_placement_group_id": "",
            "public_ip_address": "",
            "public_ip_addresses": [],
            "reboot_setting": "",
            "resource_group_name": "ironclad_rg",
            "secret": [],
            "secure_boot_enabled": false,
            "size": "Standard_B1ms",
            "source_image_id": "",
            "source_image_reference": [
              {
                "offer": "0001-com-ubuntu-server-jammy",
                "publisher": "Canonical",
                "sku": "22_04-lts",
                "version": "latest"
              }
            ],
            "tags": {
              "environment": "IronClad"
            },
            "termination_notification": [],
            "timeouts": null,
            "user_data": "",
            "virtual_machine_id": "5665a025-8370-4aca-8422-3b4903b49209",
            "virtual_machine_scale_set_id": "",
            "vm_agent_platform_updates_enabled": false,
            "vtpm_enabled": false,
            "zone": ""
          },
          "sensitive_attributes": [],
          "private": "eyJlMmJmYjczMC1lY2FhLTExZTYtOGY4OC0zNDM2M2JjN2M0YzAiOnsiY3JlYXRlIjoyNzAwMDAwMDAwMDAwLCJkZWxldGUiOjI3MDAwMDAwMDAwMDAsInJlYWQiOjMwMDAwMDAwMDAwMCwidXBkYXRlIjoyNzAwMDAwMDAwMDAwfX0=",
          "dependencies": [
            "azurerm_resource_group.ironclad_rg",
            "module.monitoring-vm.azurerm_network_interface.jump_nic",
            "module.networking.azurerm_subnet.ironclad_subnet_private",
            "module.networking.azurerm_virtual_network.ironclad_vnet"
          ]
        }
      ]
    },
    {
      "module": "module.monitoring-vm",
      "mode": "managed",
      "type": "azurerm_network_interface",
      "name": "jump_nic",
      "provider": "provider[\"registry.terraform.io/hashicorp/azurerm\"]",
      "instances": [
        {
          "schema_version": 0,
          "attributes": {
            "applied_dns_servers": [],
            "auxiliary_mode": "",
            "auxiliary_sku": "",
            "dns_servers": [],
            "edge_zone": "",
            "enable_accelerated_networking": false,
            "enable_ip_forwarding": false,
            "id": "/subscriptions/6d90e48b-f6bb-4fad-a6a4-e717da47b0bd/resourceGroups/ironclad_rg/providers/Microsoft.Network/networkInterfaces/monitoring-vm-nic",
            "internal_dns_name_label": "",
            "internal_domain_name_suffix": "dd1n4dihymrulljwhkme3nzdoe.bx.internal.cloudapp.net",
            "ip_configuration": [
              {
                "gateway_load_balancer_frontend_ip_configuration_id": "",
                "name": "internal",
                "primary": true,
                "private_ip_address": "10.0.1.6",
                "private_ip_address_allocation": "Dynamic",
                "private_ip_address_version": "IPv4",
                "public_ip_address_id": "",
                "subnet_id": "/subscriptions/6d90e48b-f6bb-4fad-a6a4-e717da47b0bd/resourceGroups/ironclad_rg/providers/Microsoft.Network/virtualNetworks/ironclad-vnet/subnets/ironclad-subnet-private"
              }
            ],
            "location": "eastus",
            "mac_address": "00-0D-3A-1E-46-99",
            "name": "monitoring-vm-nic",
            "private_ip_address": "10.0.1.6",
            "private_ip_addresses": [
              "10.0.1.6"
            ],
            "resource_group_name": "ironclad_rg",
            "tags": {},
            "timeouts": null,
            "virtual_machine_id": "/subscriptions/6d90e48b-f6bb-4fad-a6a4-e717da47b0bd/resourceGroups/ironclad_rg/providers/Microsoft.Compute/virtualMachines/monitoring-vm"
          },
          "sensitive_attributes": [],
          "private": "eyJlMmJmYjczMC1lY2FhLTExZTYtOGY4OC0zNDM2M2JjN2M0YzAiOnsiY3JlYXRlIjoxODAwMDAwMDAwMDAwLCJkZWxldGUiOjE4MDAwMDAwMDAwMDAsInJlYWQiOjMwMDAwMDAwMDAwMCwidXBkYXRlIjoxODAwMDAwMDAwMDAwfX0=",
          "dependencies": [
            "azurerm_resource_group.ironclad_rg",
            "module.networking.azurerm_subnet.ironclad_subnet_private",
            "module.networking.azurerm_virtual_network.ironclad_vnet"
          ]
        }
      ]
    },
    {
      "module": "module.networking",
      "mode": "managed",
      "type": "azurerm_subnet",
      "name": "ironclad_subnet_private",
      "provider": "provider[\"registry.terraform.io/hashicorp/azurerm\"]",
      "instances": [
        {
          "schema_version": 0,
          "attributes": {
            "address_prefixes": [
              "10.0.1.0/24"
            ],
            "delegation": [],
            "enforce_private_link_endpoint_network_policies": false,
            "enforce_private_link_service_network_policies": false,
            "id": "/subscriptions/6d90e48b-f6bb-4fad-a6a4-e717da47b0bd/resourceGroups/ironclad_rg/providers/Microsoft.Network/virtualNetworks/ironclad-vnet/subnets/ironclad-subnet-private",
            "name": "ironclad-subnet-private",
            "private_endpoint_network_policies_enabled": true,
            "private_link_service_network_policies_enabled": true,
            "resource_group_name": "ironclad_rg",
            "service_endpoint_policy_ids": [],
            "service_endpoints": [],
            "timeouts": null,
            "virtual_network_name": "ironclad-vnet"
          },
          "sensitive_attributes": [],
          "private": "eyJlMmJmYjczMC1lY2FhLTExZTYtOGY4OC0zNDM2M2JjN2M0YzAiOnsiY3JlYXRlIjoxODAwMDAwMDAwMDAwLCJkZWxldGUiOjE4MDAwMDAwMDAwMDAsInJlYWQiOjMwMDAwMDAwMDAwMCwidXBkYXRlIjoxODAwMDAwMDAwMDAwfX0=",
          "dependencies": [
            "azurerm_resource_group.ironclad_rg",
            "module.networking.azurerm_virtual_network.ironclad_vnet"
          ]
        }
      ]
    },
    {
      "module": "module.networking",
      "mode": "managed",
      "type": "azurerm_virtual_network",
      "name": "ironclad_vnet",
      "provider": "provider[\"registry.terraform.io/hashicorp/azurerm\"]",
      "instances": [
        {
          "schema_version": 0,
          "attributes": {
            "address_space": [
              "10.0.0.0/16"
            ],
            "bgp_community": "",
            "ddos_protection_plan": [],
            "dns_servers": [],
            "edge_zone": "",
            "encryption": [],
            "flow_timeout_in_minutes": 0,
            "guid": "0ddff618-c307-4523-ad36-3a984eb72374",
            "id": "/subscriptions/6d90e48b-f6bb-4fad-a6a4-e717da47b0bd/resourceGroups/ironclad_rg/providers/Microsoft.Network/virtualNetworks/ironclad-vnet",
            "location": "eastus",
            "name": "ironclad-vnet",
            "resource_group_name": "ironclad_rg",
            "subnet": [
              {
                "address_prefix": "10.0.1.0/24",
                "id": "/subscriptions/6d90e48b-f6bb-4fad-a6a4-e717da47b0bd/resourceGroups/ironclad_rg/providers/Microsoft.Network/virtualNetworks/ironclad-vnet/subnets/ironclad-subnet-private",
                "name": "ironclad-subnet-private",
                "security_group": "/subscriptions/6d90e48b-f6bb-4fad-a6a4-e717da47b0bd/resourceGroups/ironclad_rg/providers/Microsoft.Network/networkSecurityGroups/ironclad-nsg-private"
              },
              {
                "address_prefix": "10.0.2.0/24",
                "id": "/subscriptions/6d90e48b-f6bb-4fad-a6a4-e717da47b0bd/resourceGroups/ironclad_rg/providers/Microsoft.Network/virtualNetworks/ironclad-vnet/subnets/ironclad-subnet-public",
                "name": "ironclad-subnet-public",
                "security_group": "/subscriptions/6d90e48b-f6bb-4fad-a6a4-e717da47b0bd/resourceGroups/ironclad_rg/providers/Microsoft.Network/networkSecurityGroups/ironclad-nsg-public"
              }
            ],
            "tags": {},
            "timeouts": null
          },
          "sensitive_attributes": [],
          "private": "eyJlMmJmYjczMC1lY2FhLTExZTYtOGY4OC0zNDM2M2JjN2M0YzAiOnsiY3JlYXRlIjoxODAwMDAwMDAwMDAwLCJkZWxldGUiOjE4MDAwMDAwMDAwMDAsInJlYWQiOjMwMDAwMDAwMDAwMCwidXBkYXRlIjoxODAwMDAwMDAwMDAwfX0=",
          "dependencies": [
            "azurerm_resource_group.ironclad_rg"
          ]
        }
      ]
    }
  ],
  "check_results": null
}
